
Microsoft Visual Studio Solution File, Format Version 12.00
# Visual Studio Version 17
VisualStudioVersion = 17.14.36310.24 d17.14
MinimumVisualStudioVersion = 10.0.40219.1
Project("{FAE04EC0-301F-11D3-BF4B-00C04F79EFBC}") = "sistema_informatica", "sistema_informatica\sistema_informatica.csproj", "{F3F6D8D3-2176-4BF0-BDBB-50842C88E0C9}"
EndProject
Global
	GlobalSection(SolutionConfigurationPlatforms) = preSolution
		Debug|Any CPU = Debug|Any CPU
		Release|Any CPU = Release|Any CPU
	EndGlobalSection
	GlobalSection(ProjectConfigurationPlatforms) = postSolution
		{F3F6D8D3-2176-4BF0-BDBB-50842C88E0C9}.Debug|Any CPU.ActiveCfg = Debug|Any CPU
		{F3F6D8D3-2176-4BF0-BDBB-50842C88E0C9}.Debug|Any CPU.Build.0 = Debug|Any CPU
		{F3F6D8D3-2176-4BF0-BDBB-50842C88E0C9}.Release|Any CPU.ActiveCfg = Release|Any CPU
		{F3F6D8D3-2176-4BF0-BDBB-50842C88E0C9}.Release|Any CPU.Build.0 = Release|Any CPU
	EndGlobalSection
	GlobalSection(SolutionProperties) = preSolution
		HideSolutionNode = FALSE
	EndGlobalSection
	GlobalSection(ExtensibilityGlobals) = postSolution
		SolutionGuid = {AE49C1A1-5A16-4F80-A4CF-7CC6097D415E}
	EndGlobalSection
EndGlobal
